{
  "name": "lwc",
  "version": "1.0.0",
  "lockfileVersion": 1,
  "requires": true,
  "dependencies": {
    "slot-machine-button": {
      "version": "0.3.0",
      "resolved": "https://registry.npmjs.org/slot-machine-button/-/slot-machine-button-0.3.0.tgz",
      "integrity": "sha512-qx9fr4ZsJeM9v5qqd6r/aXo+olBDJj09oVarK+j+tR3U5cTXnOgLGLCl23lSp55DUXW/fOS12l59RWOx020ixQ=="
    }
  }
}
